
Microsoft Visual Studio Solution File, Format Version 12.00
# Visual Studio Version 17
VisualStudioVersion = 17.14.36408.4
MinimumVisualStudioVersion = 10.0.40219.1
Project("{FAE04EC0-301F-11D3-BF4B-00C04F79EFBC}") = "AZ.Generator.Functional", "src\AZ.Generator.Functional\AZ.Generator.Functional.csproj", "{DA6C591D-E4CC-4466-B4A1-280230C9C78C}"
EndProject
Project("{2150E333-8FDC-42A3-9474-1A3956D46DE8}") = "src", "src", "{02EA681E-C7D8-13C7-8484-4AC65E1B71E8}"
EndProject
Project("{2150E333-8FDC-42A3-9474-1A3956D46DE8}") = "test", "test", "{BC5D87E8-F851-45D3-B3D6-BDA7E3DD3838}"
EndProject
Project("{FAE04EC0-301F-11D3-BF4B-00C04F79EFBC}") = "AZ.Generator.Test", "test\AZ.Generator.Test\AZ.Generator.Test.csproj", "{8D6EDBCB-DF6C-4FF2-8874-EE73E8FE8550}"
EndProject
Global
	GlobalSection(SolutionConfigurationPlatforms) = preSolution
		Debug|Any CPU = Debug|Any CPU
		Release|Any CPU = Release|Any CPU
	EndGlobalSection
	GlobalSection(ProjectConfigurationPlatforms) = postSolution
		{DA6C591D-E4CC-4466-B4A1-280230C9C78C}.Debug|Any CPU.ActiveCfg = Debug|Any CPU
		{DA6C591D-E4CC-4466-B4A1-280230C9C78C}.Debug|Any CPU.Build.0 = Debug|Any CPU
		{DA6C591D-E4CC-4466-B4A1-280230C9C78C}.Release|Any CPU.ActiveCfg = Release|Any CPU
		{DA6C591D-E4CC-4466-B4A1-280230C9C78C}.Release|Any CPU.Build.0 = Release|Any CPU
		{8D6EDBCB-DF6C-4FF2-8874-EE73E8FE8550}.Debug|Any CPU.ActiveCfg = Debug|Any CPU
		{8D6EDBCB-DF6C-4FF2-8874-EE73E8FE8550}.Debug|Any CPU.Build.0 = Debug|Any CPU
		{8D6EDBCB-DF6C-4FF2-8874-EE73E8FE8550}.Release|Any CPU.ActiveCfg = Release|Any CPU
		{8D6EDBCB-DF6C-4FF2-8874-EE73E8FE8550}.Release|Any CPU.Build.0 = Release|Any CPU
	EndGlobalSection
	GlobalSection(SolutionProperties) = preSolution
		HideSolutionNode = FALSE
	EndGlobalSection
	GlobalSection(NestedProjects) = preSolution
		{DA6C591D-E4CC-4466-B4A1-280230C9C78C} = {02EA681E-C7D8-13C7-8484-4AC65E1B71E8}
		{8D6EDBCB-DF6C-4FF2-8874-EE73E8FE8550} = {BC5D87E8-F851-45D3-B3D6-BDA7E3DD3838}
	EndGlobalSection
	GlobalSection(ExtensibilityGlobals) = postSolution
		SolutionGuid = {6664F0B8-B9D2-46DA-B542-E71C2889C1D5}
	EndGlobalSection
EndGlobal
